
Microsoft Visual Studio Solution File, Format Version 12.00
# Visual Studio Version 16
VisualStudioVersion = 16.0.30330.147
MinimumVisualStudioVersion = 10.0.40219.1
Project("{9A19103F-16F7-4668-BE54-9A1E7A4F7556}") = "CompletelyUnsafeMessanger", "CompletelyUnsafeMessanger.csproj", "{C25D9816-C8F5-4B1F-9E29-FFB83CEB1185}"
EndProject
Global
	GlobalSection(SolutionConfigurationPlatforms) = preSolution
		Debug|Any CPU = Debug|Any CPU
		Release|Any CPU = Release|Any CPU
	EndGlobalSection
	GlobalSection(ProjectConfigurationPlatforms) = postSolution
		{C25D9816-C8F5-4B1F-9E29-FFB83CEB1185}.Debug|Any CPU.ActiveCfg = Debug|Any CPU
		{C25D9816-C8F5-4B1F-9E29-FFB83CEB1185}.Debug|Any CPU.Build.0 = Debug|Any CPU
		{C25D9816-C8F5-4B1F-9E29-FFB83CEB1185}.Release|Any CPU.ActiveCfg = Release|Any CPU
		{C25D9816-C8F5-4B1F-9E29-FFB83CEB1185}.Release|Any CPU.Build.0 = Release|Any CPU
	EndGlobalSection
	GlobalSection(SolutionProperties) = preSolution
		HideSolutionNode = FALSE
	EndGlobalSection
	GlobalSection(ExtensibilityGlobals) = postSolution
		SolutionGuid = {923B9876-CA09-4AF3-A0C4-4EB4134C9D2A}
	EndGlobalSection
EndGlobal
